
Microsoft Visual Studio Solution File, Format Version 12.00
# Visual Studio Version 17
VisualStudioVersion = 17.0.31903.59
MinimumVisualStudioVersion = 10.0.40219.1
Project("{FAE04EC0-301F-11D3-BF4B-00C04F79EFBC}") = "MyConsoleApp", "MyConsoleApp\MyConsoleApp.csproj", "{0E49A3B3-7148-492F-9F09-8ED6D904D34C}"
EndProject
Project("{FAE04EC0-301F-11D3-BF4B-00C04F79EFBC}") = "MyNewProjectName", "MyNewProjectName\MyNewProjectName.csproj", "{8AF2F42E-5560-44F9-B7E5-4A632AEEFECB}"
EndProject
Project("{FAE04EC0-301F-11D3-BF4B-00C04F79EFBC}") = "MyNewProjectName.Tests", "MyNewProjectName.Tests\MyNewProjectName.Tests.csproj", "{7C91985E-99E8-483C-B499-E1D21F9BF825}"
EndProject
Project("{FAE04EC0-301F-11D3-BF4B-00C04F79EFBC}") = "MyNewProjectName.IntegrationTests", "MyNewProjectName.IntegrationTests\MyNewProjectName.IntegrationTests.csproj", "{2DC6B557-C8D8-43E1-9659-463D8CB43E91}"
EndProject
Global
	GlobalSection(SolutionConfigurationPlatforms) = preSolution
		Debug|Any CPU = Debug|Any CPU
		Debug|x64 = Debug|x64
		Debug|x86 = Debug|x86
		Release|Any CPU = Release|Any CPU
		Release|x64 = Release|x64
		Release|x86 = Release|x86
	EndGlobalSection
	GlobalSection(ProjectConfigurationPlatforms) = postSolution
		{0E49A3B3-7148-492F-9F09-8ED6D904D34C}.Debug|Any CPU.ActiveCfg = Debug|Any CPU
		{0E49A3B3-7148-492F-9F09-8ED6D904D34C}.Debug|Any CPU.Build.0 = Debug|Any CPU
		{0E49A3B3-7148-492F-9F09-8ED6D904D34C}.Debug|x64.ActiveCfg = Debug|Any CPU
		{0E49A3B3-7148-492F-9F09-8ED6D904D34C}.Debug|x64.Build.0 = Debug|Any CPU
		{0E49A3B3-7148-492F-9F09-8ED6D904D34C}.Debug|x86.ActiveCfg = Debug|Any CPU
		{0E49A3B3-7148-492F-9F09-8ED6D904D34C}.Debug|x86.Build.0 = Debug|Any CPU
		{0E49A3B3-7148-492F-9F09-8ED6D904D34C}.Release|Any CPU.ActiveCfg = Release|Any CPU
		{0E49A3B3-7148-492F-9F09-8ED6D904D34C}.Release|Any CPU.Build.0 = Release|Any CPU
		{0E49A3B3-7148-492F-9F09-8ED6D904D34C}.Release|x64.ActiveCfg = Release|Any CPU
		{0E49A3B3-7148-492F-9F09-8ED6D904D34C}.Release|x64.Build.0 = Release|Any CPU
		{0E49A3B3-7148-492F-9F09-8ED6D904D34C}.Release|x86.ActiveCfg = Release|Any CPU
		{0E49A3B3-7148-492F-9F09-8ED6D904D34C}.Release|x86.Build.0 = Release|Any CPU
		{8AF2F42E-5560-44F9-B7E5-4A632AEEFECB}.Debug|Any CPU.ActiveCfg = Debug|Any CPU
		{8AF2F42E-5560-44F9-B7E5-4A632AEEFECB}.Debug|Any CPU.Build.0 = Debug|Any CPU
		{8AF2F42E-5560-44F9-B7E5-4A632AEEFECB}.Debug|x64.ActiveCfg = Debug|Any CPU
		{8AF2F42E-5560-44F9-B7E5-4A632AEEFECB}.Debug|x64.Build.0 = Debug|Any CPU
		{8AF2F42E-5560-44F9-B7E5-4A632AEEFECB}.Debug|x86.ActiveCfg = Debug|Any CPU
		{8AF2F42E-5560-44F9-B7E5-4A632AEEFECB}.Debug|x86.Build.0 = Debug|Any CPU
		{8AF2F42E-5560-44F9-B7E5-4A632AEEFECB}.Release|Any CPU.ActiveCfg = Release|Any CPU
		{8AF2F42E-5560-44F9-B7E5-4A632AEEFECB}.Release|Any CPU.Build.0 = Release|Any CPU
		{8AF2F42E-5560-44F9-B7E5-4A632AEEFECB}.Release|x64.ActiveCfg = Release|Any CPU
		{8AF2F42E-5560-44F9-B7E5-4A632AEEFECB}.Release|x64.Build.0 = Release|Any CPU
		{8AF2F42E-5560-44F9-B7E5-4A632AEEFECB}.Release|x86.ActiveCfg = Release|Any CPU
		{8AF2F42E-5560-44F9-B7E5-4A632AEEFECB}.Release|x86.Build.0 = Release|Any CPU
		{7C91985E-99E8-483C-B499-E1D21F9BF825}.Debug|Any CPU.ActiveCfg = Debug|Any CPU
		{7C91985E-99E8-483C-B499-E1D21F9BF825}.Debug|Any CPU.Build.0 = Debug|Any CPU
		{7C91985E-99E8-483C-B499-E1D21F9BF825}.Debug|x64.ActiveCfg = Debug|Any CPU
		{7C91985E-99E8-483C-B499-E1D21F9BF825}.Debug|x64.Build.0 = Debug|Any CPU
		{7C91985E-99E8-483C-B499-E1D21F9BF825}.Debug|x86.ActiveCfg = Debug|Any CPU
		{7C91985E-99E8-483C-B499-E1D21F9BF825}.Debug|x86.Build.0 = Debug|Any CPU
		{7C91985E-99E8-483C-B499-E1D21F9BF825}.Release|Any CPU.ActiveCfg = Release|Any CPU
		{7C91985E-99E8-483C-B499-E1D21F9BF825}.Release|Any CPU.Build.0 = Release|Any CPU
		{7C91985E-99E8-483C-B499-E1D21F9BF825}.Release|x64.ActiveCfg = Release|Any CPU
		{7C91985E-99E8-483C-B499-E1D21F9BF825}.Release|x64.Build.0 = Release|Any CPU
		{7C91985E-99E8-483C-B499-E1D21F9BF825}.Release|x86.ActiveCfg = Release|Any CPU
		{7C91985E-99E8-483C-B499-E1D21F9BF825}.Release|x86.Build.0 = Release|Any CPU
		{2DC6B557-C8D8-43E1-9659-463D8CB43E91}.Debug|Any CPU.ActiveCfg = Debug|Any CPU
		{2DC6B557-C8D8-43E1-9659-463D8CB43E91}.Debug|Any CPU.Build.0 = Debug|Any CPU
		{2DC6B557-C8D8-43E1-9659-463D8CB43E91}.Debug|x64.ActiveCfg = Debug|Any CPU
		{2DC6B557-C8D8-43E1-9659-463D8CB43E91}.Debug|x64.Build.0 = Debug|Any CPU
		{2DC6B557-C8D8-43E1-9659-463D8CB43E91}.Debug|x86.ActiveCfg = Debug|Any CPU
		{2DC6B557-C8D8-43E1-9659-463D8CB43E91}.Debug|x86.Build.0 = Debug|Any CPU
		{2DC6B557-C8D8-43E1-9659-463D8CB43E91}.Release|Any CPU.ActiveCfg = Release|Any CPU
		{2DC6B557-C8D8-43E1-9659-463D8CB43E91}.Release|Any CPU.Build.0 = Release|Any CPU
		{2DC6B557-C8D8-43E1-9659-463D8CB43E91}.Release|x64.ActiveCfg = Release|Any CPU
		{2DC6B557-C8D8-43E1-9659-463D8CB43E91}.Release|x64.Build.0 = Release|Any CPU
		{2DC6B557-C8D8-43E1-9659-463D8CB43E91}.Release|x86.ActiveCfg = Release|Any CPU
		{2DC6B557-C8D8-43E1-9659-463D8CB43E91}.Release|x86.Build.0 = Release|Any CPU
	EndGlobalSection
	GlobalSection(SolutionProperties) = preSolution
		HideSolutionNode = FALSE
	EndGlobalSection
EndGlobal
